{
  "lockfileVersion": 1,
  "configVersion": 1,
  "workspaces": {
    "": {
      "name": "link-analysis",
      "dependencies": {
        "graphjs": "^0.0.7",
      },
    },
  },
  "packages": {
    "graphjs": ["graphjs@0.0.7", "", {}, "sha512-T2CLnDFtwaAmpIesikFZuedNfBbkcYFJkG4A7hSfraoL4eJLqO8FfTKBhMfShI/jM65tuMn0TirMzPTDrPP7Kg=="],
  }
}
