{
  "lockfileVersion": 1,
  "configVersion": 1,
  "workspaces": {
    "": {
      "name": "link-analysis",
      "dependencies": {
        "graphjs": "^0.0.8",
      },
    },
  },
  "packages": {
    "graphjs": ["graphjs@0.0.8", "", {}, "sha512-JQp0JQeKa5Ra71EHkTVp7N/zSWf2SMWAAO9OT/n3saXdGZ2q6qUle7Qbm0n4b0LgRZQZmQ0MjKhZo5fVnxczuQ=="],
  }
}
