{
  "lockfileVersion": 1,
  "configVersion": 1,
  "workspaces": {
    "": {
      "name": "link-analysis",
      "dependencies": {
        "graphjs": "^0.0.6",
      },
    },
  },
  "packages": {
    "graphjs": ["graphjs@0.0.6", "", {}, "sha512-zcYhkcAur/YbkI/mHtlmPd+xwTjXP3DDW32qrc/YZ4YzzBkoHVf/+DUsiPDHmXqvduKLpXCrvmhiNq6wCVBvEg=="],
  }
}
